
Microsoft Visual Studio Solution File, Format Version 12.00
# Visual Studio 15
VisualStudioVersion = 15.0.27004.2009
MinimumVisualStudioVersion = 10.0.40219.1
Project("{9A19103F-16F7-4668-BE54-9A1E7A4F7556}") = "GustPersist", "GustPersist\GustPersist.csproj", "{894032E6-5779-4FA0-B8CA-AE3A107D8919}"
EndProject
Project("{9A19103F-16F7-4668-BE54-9A1E7A4F7556}") = "GustPersistEFC", "GustPersistEFC\GustPersistEFC.csproj", "{E555B180-36AD-4043-9BCC-7132405D4657}"
EndProject
Project("{9A19103F-16F7-4668-BE54-9A1E7A4F7556}") = "GustEfcConsumer", "GustEfcConsumer\GustEfcConsumer.csproj", "{7A6CA1D0-66B2-4092-B15A-9B23E1A2DF08}"
EndProject
Global
	GlobalSection(SolutionConfigurationPlatforms) = preSolution
		Debug|Any CPU = Debug|Any CPU
		Release|Any CPU = Release|Any CPU
	EndGlobalSection
	GlobalSection(ProjectConfigurationPlatforms) = postSolution
		{894032E6-5779-4FA0-B8CA-AE3A107D8919}.Debug|Any CPU.ActiveCfg = Debug|Any CPU
		{894032E6-5779-4FA0-B8CA-AE3A107D8919}.Debug|Any CPU.Build.0 = Debug|Any CPU
		{894032E6-5779-4FA0-B8CA-AE3A107D8919}.Release|Any CPU.ActiveCfg = Release|Any CPU
		{894032E6-5779-4FA0-B8CA-AE3A107D8919}.Release|Any CPU.Build.0 = Release|Any CPU
		{E555B180-36AD-4043-9BCC-7132405D4657}.Debug|Any CPU.ActiveCfg = Debug|Any CPU
		{E555B180-36AD-4043-9BCC-7132405D4657}.Debug|Any CPU.Build.0 = Debug|Any CPU
		{E555B180-36AD-4043-9BCC-7132405D4657}.Release|Any CPU.ActiveCfg = Release|Any CPU
		{E555B180-36AD-4043-9BCC-7132405D4657}.Release|Any CPU.Build.0 = Release|Any CPU
		{7A6CA1D0-66B2-4092-B15A-9B23E1A2DF08}.Debug|Any CPU.ActiveCfg = Debug|Any CPU
		{7A6CA1D0-66B2-4092-B15A-9B23E1A2DF08}.Debug|Any CPU.Build.0 = Debug|Any CPU
		{7A6CA1D0-66B2-4092-B15A-9B23E1A2DF08}.Release|Any CPU.ActiveCfg = Release|Any CPU
		{7A6CA1D0-66B2-4092-B15A-9B23E1A2DF08}.Release|Any CPU.Build.0 = Release|Any CPU
	EndGlobalSection
	GlobalSection(SolutionProperties) = preSolution
		HideSolutionNode = FALSE
	EndGlobalSection
	GlobalSection(ExtensibilityGlobals) = postSolution
		SolutionGuid = {5C3D7B8A-B4D7-4023-8BD0-780ABC5F036A}
	EndGlobalSection
EndGlobal
