
Microsoft Visual Studio Solution File, Format Version 12.00
# Visual Studio 15
VisualStudioVersion = 15.0.27130.2027
MinimumVisualStudioVersion = 10.0.40219.1
Project("{9A19103F-16F7-4668-BE54-9A1E7A4F7556}") = "GustConsumer", "GustEfcConsumer\GustConsumer.csproj", "{7A6CA1D0-66B2-4092-B15A-9B23E1A2DF08}"
EndProject
Project("{2150E333-8FDC-42A3-9474-1A3956D46DE8}") = "Files", "Files", "{8BCA0451-A80F-4341-B410-18BF152AE731}"
	ProjectSection(SolutionItems) = preProject
		Package.nuspec = Package.nuspec
	EndProjectSection
EndProject
Project("{FAE04EC0-301F-11D3-BF4B-00C04F79EFBC}") = "Gust", "Gust\Gust.csproj", "{C65D5DDB-42B9-4381-B762-E3DC8C590B9B}"
EndProject
Global
	GlobalSection(SolutionConfigurationPlatforms) = preSolution
		Debug|Any CPU = Debug|Any CPU
		Release|Any CPU = Release|Any CPU
	EndGlobalSection
	GlobalSection(ProjectConfigurationPlatforms) = postSolution
		{7A6CA1D0-66B2-4092-B15A-9B23E1A2DF08}.Debug|Any CPU.ActiveCfg = Debug|Any CPU
		{7A6CA1D0-66B2-4092-B15A-9B23E1A2DF08}.Debug|Any CPU.Build.0 = Debug|Any CPU
		{7A6CA1D0-66B2-4092-B15A-9B23E1A2DF08}.Release|Any CPU.ActiveCfg = Release|Any CPU
		{7A6CA1D0-66B2-4092-B15A-9B23E1A2DF08}.Release|Any CPU.Build.0 = Release|Any CPU
		{C65D5DDB-42B9-4381-B762-E3DC8C590B9B}.Debug|Any CPU.ActiveCfg = Debug|Any CPU
		{C65D5DDB-42B9-4381-B762-E3DC8C590B9B}.Debug|Any CPU.Build.0 = Debug|Any CPU
		{C65D5DDB-42B9-4381-B762-E3DC8C590B9B}.Release|Any CPU.ActiveCfg = Release|Any CPU
		{C65D5DDB-42B9-4381-B762-E3DC8C590B9B}.Release|Any CPU.Build.0 = Release|Any CPU
	EndGlobalSection
	GlobalSection(SolutionProperties) = preSolution
		HideSolutionNode = FALSE
	EndGlobalSection
	GlobalSection(ExtensibilityGlobals) = postSolution
		SolutionGuid = {5C3D7B8A-B4D7-4023-8BD0-780ABC5F036A}
	EndGlobalSection
EndGlobal
